
Microsoft Visual Studio Solution File, Format Version 12.00
# Visual Studio 15
VisualStudioVersion = 15.0.26730.16
MinimumVisualStudioVersion = 10.0.40219.1
Project("{FAE04EC0-301F-11D3-BF4B-00C04F79EFBC}") = "PreviewMaker", "PreviewMaker\PreviewMaker.csproj", "{B47CAAF7-2A9D-4F05-B781-23AB80DB2DC2}"
EndProject
Global
	GlobalSection(SolutionConfigurationPlatforms) = preSolution
		Debug|Any CPU = Debug|Any CPU
		Release|Any CPU = Release|Any CPU
	EndGlobalSection
	GlobalSection(ProjectConfigurationPlatforms) = postSolution
		{B47CAAF7-2A9D-4F05-B781-23AB80DB2DC2}.Debug|Any CPU.ActiveCfg = Debug|Any CPU
		{B47CAAF7-2A9D-4F05-B781-23AB80DB2DC2}.Debug|Any CPU.Build.0 = Debug|Any CPU
		{B47CAAF7-2A9D-4F05-B781-23AB80DB2DC2}.Release|Any CPU.ActiveCfg = Release|Any CPU
		{B47CAAF7-2A9D-4F05-B781-23AB80DB2DC2}.Release|Any CPU.Build.0 = Release|Any CPU
	EndGlobalSection
	GlobalSection(SolutionProperties) = preSolution
		HideSolutionNode = FALSE
	EndGlobalSection
	GlobalSection(ExtensibilityGlobals) = postSolution
		SolutionGuid = {5D4D396B-35F2-461E-9903-2AA3530D313D}
	EndGlobalSection
EndGlobal
